
Microsoft Visual Studio Solution File, Format Version 12.00
# Visual Studio Version 16
VisualStudioVersion = 16.0.30509.190
MinimumVisualStudioVersion = 10.0.40219.1
Project("{2150E333-8FDC-42A3-9474-1A3956D46DE8}") = "Solution Items", "Solution Items", "{809DD301-3114-4BB5-AA8D-432EFD59485E}"
	ProjectSection(SolutionItems) = preProject
		.editorconfig = .editorconfig
		.gitattributes = .gitattributes
		.gitignore = .gitignore
	EndProjectSection
EndProject
Project("{9A19103F-16F7-4668-BE54-9A1E7A4F7556}") = "CLI", "src\CLI\CLI.csproj", "{8228BE9A-93D6-40A9-B786-5866EDD732FD}"
EndProject
Project("{9A19103F-16F7-4668-BE54-9A1E7A4F7556}") = "FileTypes", "src\FileTypes\FileTypes.csproj", "{1EA1FB5F-A517-41DF-8C6D-E00BC80DB88D}"
EndProject
Global
	GlobalSection(SolutionConfigurationPlatforms) = preSolution
		Debug|Any CPU = Debug|Any CPU
		Release|Any CPU = Release|Any CPU
	EndGlobalSection
	GlobalSection(ProjectConfigurationPlatforms) = postSolution
		{8228BE9A-93D6-40A9-B786-5866EDD732FD}.Debug|Any CPU.ActiveCfg = Debug|Any CPU
		{8228BE9A-93D6-40A9-B786-5866EDD732FD}.Debug|Any CPU.Build.0 = Debug|Any CPU
		{8228BE9A-93D6-40A9-B786-5866EDD732FD}.Release|Any CPU.ActiveCfg = Release|Any CPU
		{8228BE9A-93D6-40A9-B786-5866EDD732FD}.Release|Any CPU.Build.0 = Release|Any CPU
		{1EA1FB5F-A517-41DF-8C6D-E00BC80DB88D}.Debug|Any CPU.ActiveCfg = Debug|Any CPU
		{1EA1FB5F-A517-41DF-8C6D-E00BC80DB88D}.Debug|Any CPU.Build.0 = Debug|Any CPU
		{1EA1FB5F-A517-41DF-8C6D-E00BC80DB88D}.Release|Any CPU.ActiveCfg = Release|Any CPU
		{1EA1FB5F-A517-41DF-8C6D-E00BC80DB88D}.Release|Any CPU.Build.0 = Release|Any CPU
	EndGlobalSection
	GlobalSection(SolutionProperties) = preSolution
		HideSolutionNode = FALSE
	EndGlobalSection
	GlobalSection(ExtensibilityGlobals) = postSolution
		SolutionGuid = {E6D5179E-B86F-41B1-92BC-A443AB3B5FFE}
	EndGlobalSection
EndGlobal
